// !$*UTF8*$!
{
	archiveVersion = 1;
	classes = {
	};
	objectVersion = 50;
	objects = {

/* Begin PBXBuildFile section */
		605015A125BEC9A100CDD565 /* AppDelegate.swift in Sources */ = {isa = PBXBuildFile; fileRef = 605015A025BEC9A100CDD565 /* AppDelegate.swift */; };
		605015A325BEC9A100CDD565 /* SceneDelegate.swift in Sources */ = {isa = PBXBuildFile; fileRef = 605015A225BEC9A100CDD565 /* SceneDelegate.swift */; };
		605015A525BEC9A100CDD565 /* ViewController.swift in Sources */ = {isa = PBXBuildFile; fileRef = 605015A425BEC9A100CDD565 /* ViewController.swift */; };
		605015A825BEC9A100CDD565 /* Main.storyboard in Resources */ = {isa = PBXBuildFile; fileRef = 605015A625BEC9A100CDD565 /* Main.storyboard */; };
		605015AA25BEC9A500CDD565 /* Assets.xcassets in Resources */ = {isa = PBXBuildFile; fileRef = 605015A925BEC9A500CDD565 /* Assets.xcassets */; };
		605015AD25BEC9A500CDD565 /* LaunchScreen.storyboard in Resources */ = {isa = PBXBuildFile; fileRef = 605015AB25BEC9A500CDD565 /* LaunchScreen.storyboard */; };
		605015B625BEC9BC00CDD565 /* munrotab_v6.2.csv in Resources */ = {isa = PBXBuildFile; fileRef = 605015B525BEC9BC00CDD565 /* munrotab_v6.2.csv */; };
		605015D725BECBB600CDD565 /* libMunroLibrary.a in Frameworks */ = {isa = PBXBuildFile; fileRef = 605015CE25BECBB600CDD565 /* libMunroLibrary.a */; };
		605015D825BECBB600CDD565 /* x86_64-apple-ios-simulator.swiftdoc in Resources */ = {isa = PBXBuildFile; fileRef = 605015D025BECBB600CDD565 /* x86_64-apple-ios-simulator.swiftdoc */; };
		605015D925BECBB600CDD565 /* x86_64-apple-ios-simulator.swiftmodule in Resources */ = {isa = PBXBuildFile; fileRef = 605015D125BECBB600CDD565 /* x86_64-apple-ios-simulator.swiftmodule */; };
		605015DA25BECBB600CDD565 /* x86_64.swiftdoc in Resources */ = {isa = PBXBuildFile; fileRef = 605015D225BECBB600CDD565 /* x86_64.swiftdoc */; };
		605015DB25BECBB600CDD565 /* x86_64.swiftmodule in Resources */ = {isa = PBXBuildFile; fileRef = 605015D325BECBB600CDD565 /* x86_64.swiftmodule */; };
		605015DC25BECBB600CDD565 /* x86_64.swiftsourceinfo in Resources */ = {isa = PBXBuildFile; fileRef = 605015D525BECBB600CDD565 /* x86_64.swiftsourceinfo */; };
		605015DD25BECBB600CDD565 /* x86_64-apple-ios-simulator.swiftsourceinfo in Resources */ = {isa = PBXBuildFile; fileRef = 605015D625BECBB600CDD565 /* x86_64-apple-ios-simulator.swiftsourceinfo */; };
/* End PBXBuildFile section */

/* Begin PBXFileReference section */
		6050159D25BEC9A100CDD565 /* xDesignTest.app */ = {isa = PBXFileReference; explicitFileType = wrapper.application; includeInIndex = 0; path = xDesignTest.app; sourceTree = BUILT_PRODUCTS_DIR; };
		605015A025BEC9A100CDD565 /* AppDelegate.swift */ = {isa = PBXFileReference; lastKnownFileType = sourcecode.swift; path = AppDelegate.swift; sourceTree = "<group>"; };
		605015A225BEC9A100CDD565 /* SceneDelegate.swift */ = {isa = PBXFileReference; lastKnownFileType = sourcecode.swift; path = SceneDelegate.swift; sourceTree = "<group>"; };
		605015A425BEC9A100CDD565 /* ViewController.swift */ = {isa = PBXFileReference; lastKnownFileType = sourcecode.swift; path = ViewController.swift; sourceTree = "<group>"; };
		605015A725BEC9A100CDD565 /* Base */ = {isa = PBXFileReference; lastKnownFileType = file.storyboard; name = Base; path = Base.lproj/Main.storyboard; sourceTree = "<group>"; };
		605015A925BEC9A500CDD565 /* Assets.xcassets */ = {isa = PBXFileReference; lastKnownFileType = folder.assetcatalog; path = Assets.xcassets; sourceTree = "<group>"; };
		605015AC25BEC9A500CDD565 /* Base */ = {isa = PBXFileReference; lastKnownFileType = file.storyboard; name = Base; path = Base.lproj/LaunchScreen.storyboard; sourceTree = "<group>"; };
		605015AE25BEC9A500CDD565 /* Info.plist */ = {isa = PBXFileReference; lastKnownFileType = text.plist.xml; path = Info.plist; sourceTree = "<group>"; };
		605015B525BEC9BC00CDD565 /* munrotab_v6.2.csv */ = {isa = PBXFileReference; fileEncoding = 4; lastKnownFileType = text; path = munrotab_v6.2.csv; sourceTree = "<group>"; };
		605015CE25BECBB600CDD565 /* libMunroLibrary.a */ = {isa = PBXFileReference; lastKnownFileType = archive.ar; path = libMunroLibrary.a; sourceTree = "<group>"; };
		605015D025BECBB600CDD565 /* x86_64-apple-ios-simulator.swiftdoc */ = {isa = PBXFileReference; lastKnownFileType = file; path = "x86_64-apple-ios-simulator.swiftdoc"; sourceTree = "<group>"; };
		605015D125BECBB600CDD565 /* x86_64-apple-ios-simulator.swiftmodule */ = {isa = PBXFileReference; lastKnownFileType = file; path = "x86_64-apple-ios-simulator.swiftmodule"; sourceTree = "<group>"; };
		605015D225BECBB600CDD565 /* x86_64.swiftdoc */ = {isa = PBXFileReference; lastKnownFileType = file; path = x86_64.swiftdoc; sourceTree = "<group>"; };
		605015D325BECBB600CDD565 /* x86_64.swiftmodule */ = {isa = PBXFileReference; lastKnownFileType = file; path = x86_64.swiftmodule; sourceTree = "<group>"; };
		605015D525BECBB600CDD565 /* x86_64.swiftsourceinfo */ = {isa = PBXFileReference; lastKnownFileType = file; path = x86_64.swiftsourceinfo; sourceTree = "<group>"; };
		605015D625BECBB600CDD565 /* x86_64-apple-ios-simulator.swiftsourceinfo */ = {isa = PBXFileReference; lastKnownFileType = file; path = "x86_64-apple-ios-simulator.swiftsourceinfo"; sourceTree = "<group>"; };
/* End PBXFileReference section */

/* Begin PBXFrameworksBuildPhase section */
		6050159A25BEC9A100CDD565 /* Frameworks */ = {
			isa = PBXFrameworksBuildPhase;
			buildActionMask = 2147483647;
			files = (
				605015D725BECBB600CDD565 /* libMunroLibrary.a in Frameworks */,
			);
			runOnlyForDeploymentPostprocessing = 0;
		};
/* End PBXFrameworksBuildPhase section */

/* Begin PBXGroup section */
		6050159425BEC9A000CDD565 = {
			isa = PBXGroup;
			children = (
				6050159F25BEC9A100CDD565 /* xDesignTest */,
				6050159E25BEC9A100CDD565 /* Products */,
			);
			sourceTree = "<group>";
		};
		6050159E25BEC9A100CDD565 /* Products */ = {
			isa = PBXGroup;
			children = (
				6050159D25BEC9A100CDD565 /* xDesignTest.app */,
			);
			name = Products;
			sourceTree = "<group>";
		};
		6050159F25BEC9A100CDD565 /* xDesignTest */ = {
			isa = PBXGroup;
			children = (
				605015A025BEC9A100CDD565 /* AppDelegate.swift */,
				605015A225BEC9A100CDD565 /* SceneDelegate.swift */,
				605015A425BEC9A100CDD565 /* ViewController.swift */,
				605015CD25BECBB600CDD565 /* lib */,
				605015B825BEC9C600CDD565 /* CSV File */,
				605015A625BEC9A100CDD565 /* Main.storyboard */,
				605015A925BEC9A500CDD565 /* Assets.xcassets */,
				605015AB25BEC9A500CDD565 /* LaunchScreen.storyboard */,
				605015AE25BEC9A500CDD565 /* Info.plist */,
			);
			path = xDesignTest;
			sourceTree = "<group>";
		};
		605015B825BEC9C600CDD565 /* CSV File */ = {
			isa = PBXGroup;
			children = (
				605015B525BEC9BC00CDD565 /* munrotab_v6.2.csv */,
			);
			path = "CSV File";
			sourceTree = "<group>";
		};
		605015CD25BECBB600CDD565 /* lib */ = {
			isa = PBXGroup;
			children = (
				605015CE25BECBB600CDD565 /* libMunroLibrary.a */,
				605015CF25BECBB600CDD565 /* MunroLibrary.swiftmodule */,
			);
			path = lib;
			sourceTree = SOURCE_ROOT;
		};
		605015CF25BECBB600CDD565 /* MunroLibrary.swiftmodule */ = {
			isa = PBXGroup;
			children = (
				605015D025BECBB600CDD565 /* x86_64-apple-ios-simulator.swiftdoc */,
				605015D125BECBB600CDD565 /* x86_64-apple-ios-simulator.swiftmodule */,
				605015D225BECBB600CDD565 /* x86_64.swiftdoc */,
				605015D325BECBB600CDD565 /* x86_64.swiftmodule */,
				605015D425BECBB600CDD565 /* Project */,
			);
			path = MunroLibrary.swiftmodule;
			sourceTree = "<group>";
		};
		605015D425BECBB600CDD565 /* Project */ = {
			isa = PBXGroup;
			children = (
				605015D525BECBB600CDD565 /* x86_64.swiftsourceinfo */,
				605015D625BECBB600CDD565 /* x86_64-apple-ios-simulator.swiftsourceinfo */,
			);
			path = Project;
			sourceTree = "<group>";
		};
/* End PBXGroup section */

/* Begin PBXNativeTarget section */
		6050159C25BEC9A100CDD565 /* xDesignTest */ = {
			isa = PBXNativeTarget;
			buildConfigurationList = 605015B125BEC9A500CDD565 /* Build configuration list for PBXNativeTarget "xDesignTest" */;
			buildPhases = (
				6050159925BEC9A100CDD565 /* Sources */,
				6050159A25BEC9A100CDD565 /* Frameworks */,
				6050159B25BEC9A100CDD565 /* Resources */,
			);
			buildRules = (
			);
			dependencies = (
			);
			name = xDesignTest;
			productName = xDesignTest;
			productReference = 6050159D25BEC9A100CDD565 /* xDesignTest.app */;
			productType = "com.apple.product-type.application";
		};
/* End PBXNativeTarget section */

/* Begin PBXProject section */
		6050159525BEC9A000CDD565 /* Project object */ = {
			isa = PBXProject;
			attributes = {
				LastSwiftUpdateCheck = 1200;
				LastUpgradeCheck = 1200;
				TargetAttributes = {
					6050159C25BEC9A100CDD565 = {
						CreatedOnToolsVersion = 12.0;
					};
				};
			};
			buildConfigurationList = 6050159825BEC9A000CDD565 /* Build configuration list for PBXProject "xDesignTest" */;
			compatibilityVersion = "Xcode 9.3";
			developmentRegion = en;
			hasScannedForEncodings = 0;
			knownRegions = (
				en,
				Base,
			);
			mainGroup = 6050159425BEC9A000CDD565;
			productRefGroup = 6050159E25BEC9A100CDD565 /* Products */;
			projectDirPath = "";
			projectRoot = "";
			targets = (
				6050159C25BEC9A100CDD565 /* xDesignTest */,
			);
		};
/* End PBXProject section */

/* Begin PBXResourcesBuildPhase section */
		6050159B25BEC9A100CDD565 /* Resources */ = {
			isa = PBXResourcesBuildPhase;
			buildActionMask = 2147483647;
			files = (
				605015AD25BEC9A500CDD565 /* LaunchScreen.storyboard in Resources */,
				605015DC25BECBB600CDD565 /* x86_64.swiftsourceinfo in Resources */,
				605015DA25BECBB600CDD565 /* x86_64.swiftdoc in Resources */,
				605015DD25BECBB600CDD565 /* x86_64-apple-ios-simulator.swiftsourceinfo in Resources */,
				605015DB25BECBB600CDD565 /* x86_64.swiftmodule in Resources */,
				605015D825BECBB600CDD565 /* x86_64-apple-ios-simulator.swiftdoc in Resources */,
				605015D925BECBB600CDD565 /* x86_64-apple-ios-simulator.swiftmodule in Resources */,
				605015AA25BEC9A500CDD565 /* Assets.xcassets in Resources */,
				605015B625BEC9BC00CDD565 /* munrotab_v6.2.csv in Resources */,
				605015A825BEC9A100CDD565 /* Main.storyboard in Resources */,
			);
			runOnlyForDeploymentPostprocessing = 0;
		};
/* End PBXResourcesBuildPhase section */

/* Begin PBXSourcesBuildPhase section */
		6050159925BEC9A100CDD565 /* Sources */ = {
			isa = PBXSourcesBuildPhase;
			buildActionMask = 2147483647;
			files = (
				605015A525BEC9A100CDD565 /* ViewController.swift in Sources */,
				605015A125BEC9A100CDD565 /* AppDelegate.swift in Sources */,
				605015A325BEC9A100CDD565 /* SceneDelegate.swift in Sources */,
			);
			runOnlyForDeploymentPostprocessing = 0;
		};
/* End PBXSourcesBuildPhase section */

/* Begin PBXVariantGroup section */
		605015A625BEC9A100CDD565 /* Main.storyboard */ = {
			isa = PBXVariantGroup;
			children = (
				605015A725BEC9A100CDD565 /* Base */,
			);
			name = Main.storyboard;
			sourceTree = "<group>";
		};
		605015AB25BEC9A500CDD565 /* LaunchScreen.storyboard */ = {
			isa = PBXVariantGroup;
			children = (
				605015AC25BEC9A500CDD565 /* Base */,
			);
			name = LaunchScreen.storyboard;
			sourceTree = "<group>";
		};
/* End PBXVariantGroup section */

/* Begin XCBuildConfiguration section */
		605015AF25BEC9A500CDD565 /* Debug */ = {
			isa = XCBuildConfiguration;
			buildSettings = {
				ALWAYS_SEARCH_USER_PATHS = NO;
				CLANG_ANALYZER_NONNULL = YES;
				CLANG_ANALYZER_NUMBER_OBJECT_CONVERSION = YES_AGGRESSIVE;
				CLANG_CXX_LANGUAGE_STANDARD = "gnu++14";
				CLANG_CXX_LIBRARY = "libc++";
				CLANG_ENABLE_MODULES = YES;
				CLANG_ENABLE_OBJC_ARC = YES;
				CLANG_ENABLE_OBJC_WEAK = YES;
				CLANG_WARN_BLOCK_CAPTURE_AUTORELEASING = YES;
				CLANG_WARN_BOOL_CONVERSION = YES;
				CLANG_WARN_COMMA = YES;
				CLANG_WARN_CONSTANT_CONVERSION = YES;
				CLANG_WARN_DEPRECATED_OBJC_IMPLEMENTATIONS = YES;
				CLANG_WARN_DIRECT_OBJC_ISA_USAGE = YES_ERROR;
				CLANG_WARN_DOCUMENTATION_COMMENTS = YES;
				CLANG_WARN_EMPTY_BODY = YES;
				CLANG_WARN_ENUM_CONVERSION = YES;
				CLANG_WARN_INFINITE_RECURSION = YES;
				CLANG_WARN_INT_CONVERSION = YES;
				CLANG_WARN_NON_LITERAL_NULL_CONVERSION = YES;
				CLANG_WARN_OBJC_IMPLICIT_RETAIN_SELF = YES;
				CLANG_WARN_OBJC_LITERAL_CONVERSION = YES;
				CLANG_WARN_OBJC_ROOT_CLASS = YES_ERROR;
				CLANG_WARN_QUOTED_INCLUDE_IN_FRAMEWORK_HEADER = YES;
				CLANG_WARN_RANGE_LOOP_ANALYSIS = YES;
				CLANG_WARN_STRICT_PROTOTYPES = YES;
				CLANG_WARN_SUSPICIOUS_MOVE = YES;
				CLANG_WARN_UNGUARDED_AVAILABILITY = YES_AGGRESSIVE;
				CLANG_WARN_UNREACHABLE_CODE = YES;
				CLANG_WARN__DUPLICATE_METHOD_MATCH = YES;
				COPY_PHASE_STRIP = NO;
				DEBUG_INFORMATION_FORMAT = dwarf;
				ENABLE_STRICT_OBJC_MSGSEND = YES;
				ENABLE_TESTABILITY = YES;
				GCC_C_LANGUAGE_STANDARD = gnu11;
				GCC_DYNAMIC_NO_PIC = NO;
				GCC_NO_COMMON_BLOCKS = YES;
				GCC_OPTIMIZATION_LEVEL = 0;
				GCC_PREPROCESSOR_DEFINITIONS = (
					"DEBUG=1",
					"$(inherited)",
				);
				GCC_WARN_64_TO_32_BIT_CONVERSION = YES;
				GCC_WARN_ABOUT_RETURN_TYPE = YES_ERROR;
				GCC_WARN_UNDECLARED_SELECTOR = YES;
				GCC_WARN_UNINITIALIZED_AUTOS = YES_AGGRESSIVE;
				GCC_WARN_UNUSED_FUNCTION = YES;
				GCC_WARN_UNUSED_VARIABLE = YES;
				IPHONEOS_DEPLOYMENT_TARGET = 14.0;
				MTL_ENABLE_DEBUG_INFO = INCLUDE_SOURCE;
				MTL_FAST_MATH = YES;
				ONLY_ACTIVE_ARCH = YES;
				SDKROOT = iphoneos;
				SWIFT_ACTIVE_COMPILATION_CONDITIONS = DEBUG;
				SWIFT_OPTIMIZATION_LEVEL = "-Onone";
			};
			name = Debug;
		};
		605015B025BEC9A500CDD565 /* Release */ = {
			isa = XCBuildConfiguration;
			buildSettings = {
				ALWAYS_SEARCH_USER_PATHS = NO;
				CLANG_ANALYZER_NONNULL = YES;
				CLANG_ANALYZER_NUMBER_OBJECT_CONVERSION = YES_AGGRESSIVE;
				CLANG_CXX_LANGUAGE_STANDARD = "gnu++14";
				CLANG_CXX_LIBRARY = "libc++";
				CLANG_ENABLE_MODULES = YES;
				CLANG_ENABLE_OBJC_ARC = YES;
				CLANG_ENABLE_OBJC_WEAK = YES;
				CLANG_WARN_BLOCK_CAPTURE_AUTORELEASING = YES;
				CLANG_WARN_BOOL_CONVERSION = YES;
				CLANG_WARN_COMMA = YES;
				CLANG_WARN_CONSTANT_CONVERSION = YES;
				CLANG_WARN_DEPRECATED_OBJC_IMPLEMENTATIONS = YES;
				CLANG_WARN_DIRECT_OBJC_ISA_USAGE = YES_ERROR;
				CLANG_WARN_DOCUMENTATION_COMMENTS = YES;
				CLANG_WARN_EMPTY_BODY = YES;
				CLANG_WARN_ENUM_CONVERSION = YES;
				CLANG_WARN_INFINITE_RECURSION = YES;
				CLANG_WARN_INT_CONVERSION = YES;
				CLANG_WARN_NON_LITERAL_NULL_CONVERSION = YES;
				CLANG_WARN_OBJC_IMPLICIT_RETAIN_SELF = YES;
				CLANG_WARN_OBJC_LITERAL_CONVERSION = YES;
				CLANG_WARN_OBJC_ROOT_CLASS = YES_ERROR;
				CLANG_WARN_QUOTED_INCLUDE_IN_FRAMEWORK_HEADER = YES;
				CLANG_WARN_RANGE_LOOP_ANALYSIS = YES;
				CLANG_WARN_STRICT_PROTOTYPES = YES;
				CLANG_WARN_SUSPICIOUS_MOVE = YES;
				CLANG_WARN_UNGUARDED_AVAILABILITY = YES_AGGRESSIVE;
				CLANG_WARN_UNREACHABLE_CODE = YES;
				CLANG_WARN__DUPLICATE_METHOD_MATCH = YES;
				COPY_PHASE_STRIP = NO;
				DEBUG_INFORMATION_FORMAT = "dwarf-with-dsym";
				ENABLE_NS_ASSERTIONS = NO;
				ENABLE_STRICT_OBJC_MSGSEND = YES;
				GCC_C_LANGUAGE_STANDARD = gnu11;
				GCC_NO_COMMON_BLOCKS = YES;
				GCC_WARN_64_TO_32_BIT_CONVERSION = YES;
				GCC_WARN_ABOUT_RETURN_TYPE = YES_ERROR;
				GCC_WARN_UNDECLARED_SELECTOR = YES;
				GCC_WARN_UNINITIALIZED_AUTOS = YES_AGGRESSIVE;
				GCC_WARN_UNUSED_FUNCTION = YES;
				GCC_WARN_UNUSED_VARIABLE = YES;
				IPHONEOS_DEPLOYMENT_TARGET = 14.0;
				MTL_ENABLE_DEBUG_INFO = NO;
				MTL_FAST_MATH = YES;
				SDKROOT = iphoneos;
				SWIFT_COMPILATION_MODE = wholemodule;
				SWIFT_OPTIMIZATION_LEVEL = "-O";
				VALIDATE_PRODUCT = YES;
			};
			name = Release;
		};
		605015B225BEC9A500CDD565 /* Debug */ = {
			isa = XCBuildConfiguration;
			buildSettings = {
				ASSETCATALOG_COMPILER_APPICON_NAME = AppIcon;
				ASSETCATALOG_COMPILER_GLOBAL_ACCENT_COLOR_NAME = AccentColor;
				CODE_SIGN_STYLE = Automatic;
				DEVELOPMENT_TEAM = 3BV9697C44;
				INFOPLIST_FILE = xDesignTest/Info.plist;
				LD_RUNPATH_SEARCH_PATHS = (
					"$(inherited)",
					"@executable_path/Frameworks",
				);
				LIBRARY_SEARCH_PATHS = (
					"$(inherited)",
					"$(PROJECT_DIR)/lib",
				);
				PRODUCT_BUNDLE_IDENTIFIER = co.uk.adesound.xDesignTest;
				PRODUCT_NAME = "$(TARGET_NAME)";
				SWIFT_INCLUDE_PATHS = "$(inherited) $(PROJECT_DIR)/lib";
				SWIFT_VERSION = 5.0;
				TARGETED_DEVICE_FAMILY = "1,2";
			};
			name = Debug;
		};
		605015B325BEC9A500CDD565 /* Release */ = {
			isa = XCBuildConfiguration;
			buildSettings = {
				ASSETCATALOG_COMPILER_APPICON_NAME = AppIcon;
				ASSETCATALOG_COMPILER_GLOBAL_ACCENT_COLOR_NAME = AccentColor;
				CODE_SIGN_STYLE = Automatic;
				DEVELOPMENT_TEAM = 3BV9697C44;
				INFOPLIST_FILE = xDesignTest/Info.plist;
				LD_RUNPATH_SEARCH_PATHS = (
					"$(inherited)",
					"@executable_path/Frameworks",
				);
				LIBRARY_SEARCH_PATHS = (
					"$(inherited)",
					"$(PROJECT_DIR)/lib",
				);
				PRODUCT_BUNDLE_IDENTIFIER = co.uk.adesound.xDesignTest;
				PRODUCT_NAME = "$(TARGET_NAME)";
				SWIFT_INCLUDE_PATHS = "$(inherited) $(PROJECT_DIR)/lib";
				SWIFT_VERSION = 5.0;
				TARGETED_DEVICE_FAMILY = "1,2";
			};
			name = Release;
		};
/* End XCBuildConfiguration section */

/* Begin XCConfigurationList section */
		6050159825BEC9A000CDD565 /* Build configuration list for PBXProject "xDesignTest" */ = {
			isa = XCConfigurationList;
			buildConfigurations = (
				605015AF25BEC9A500CDD565 /* Debug */,
				605015B025BEC9A500CDD565 /* Release */,
			);
			defaultConfigurationIsVisible = 0;
			defaultConfigurationName = Release;
		};
		605015B125BEC9A500CDD565 /* Build configuration list for PBXNativeTarget "xDesignTest" */ = {
			isa = XCConfigurationList;
			buildConfigurations = (
				605015B225BEC9A500CDD565 /* Debug */,
				605015B325BEC9A500CDD565 /* Release */,
			);
			defaultConfigurationIsVisible = 0;
			defaultConfigurationName = Release;
		};
/* End XCConfigurationList section */
	};
	rootObject = 6050159525BEC9A000CDD565 /* Project object */;
}
